{
  "version": 4,
  "terraform_version": "1.10.0",
  "serial": 8,
  "lineage": "c3e87039-9b59-dd8b-54bf-e4b43a432e90",
  "outputs": {},
  "resources": [
    {
      "mode": "data",
      "type": "aws_organizations_organization",
      "name": "current",
      "provider": "provider[\"registry.terraform.io/hashicorp/aws\"]",
      "instances": [
        {
          "schema_version": 0,
          "attributes": {
            "accounts": [
              {
                "arn": "arn:aws:organizations::160885279046:account/o-ew6qyfejgp/503561413665",
                "email": "rrhhav2020@gmail.com",
                "id": "503561413665",
                "name": "HRAccount",
                "status": "ACTIVE"
              },
              {
                "arn": "arn:aws:organizations::160885279046:account/o-ew6qyfejgp/831926621737",
                "email": "finanzassistemas2@gmail.com",
                "id": "831926621737",
                "name": "FinanceAccount",
                "status": "ACTIVE"
              },
              {
                "arn": "arn:aws:organizations::160885279046:account/o-ew6qyfejgp/160885279046",
                "email": "carolguay0408@gmail.com",
                "id": "160885279046",
                "name": "CarolG",
                "status": "ACTIVE"
              }
            ],
            "arn": "arn:aws:organizations::160885279046:organization/o-ew6qyfejgp",
            "aws_service_access_principals": [],
            "enabled_policy_types": [],
            "feature_set": "ALL",
            "id": "o-ew6qyfejgp",
            "master_account_arn": "arn:aws:organizations::160885279046:account/o-ew6qyfejgp/160885279046",
            "master_account_email": "carolguay0408@gmail.com",
            "master_account_id": "160885279046",
            "master_account_name": "CarolG",
            "non_master_accounts": [
              {
                "arn": "arn:aws:organizations::160885279046:account/o-ew6qyfejgp/503561413665",
                "email": "rrhhav2020@gmail.com",
                "id": "503561413665",
                "name": "HRAccount",
                "status": "ACTIVE"
              },
              {
                "arn": "arn:aws:organizations::160885279046:account/o-ew6qyfejgp/831926621737",
                "email": "finanzassistemas2@gmail.com",
                "id": "831926621737",
                "name": "FinanceAccount",
                "status": "ACTIVE"
              }
            ],
            "roots": [
              {
                "arn": "arn:aws:organizations::160885279046:root/o-ew6qyfejgp/r-173m",
                "id": "r-173m",
                "name": "Root",
                "policy_types": []
              }
            ]
          },
          "sensitive_attributes": []
        }
      ]
    },
    {
      "mode": "managed",
      "type": "aws_organizations_account",
      "name": "finance_account",
      "provider": "provider[\"registry.terraform.io/hashicorp/aws\"]",
      "instances": [
        {
          "schema_version": 0,
          "attributes": {
            "arn": "arn:aws:organizations::160885279046:account/o-ew6qyfejgp/831926621737",
            "close_on_deletion": false,
            "create_govcloud": false,
            "email": "finanzassistemas2@gmail.com",
            "govcloud_id": "",
            "iam_user_access_to_billing": null,
            "id": "831926621737",
            "joined_method": "CREATED",
            "joined_timestamp": "2024-11-06T06:56:55Z",
            "name": "FinanceAccount",
            "parent_id": "ou-173m-ka2nun8c",
            "role_name": "OrganizationAccountAccessRole",
            "status": "ACTIVE",
            "tags": {},
            "tags_all": {}
          },
          "sensitive_attributes": [],
          "private": "bnVsbA==",
          "dependencies": [
            "aws_organizations_organizational_unit.finance_ou",
            "data.aws_organizations_organization.current"
          ]
        }
      ]
    },
    {
      "mode": "managed",
      "type": "aws_organizations_account",
      "name": "hr_account",
      "provider": "provider[\"registry.terraform.io/hashicorp/aws\"]",
      "instances": [
        {
          "schema_version": 0,
          "attributes": {
            "arn": "arn:aws:organizations::160885279046:account/o-ew6qyfejgp/503561413665",
            "close_on_deletion": false,
            "create_govcloud": false,
            "email": "rrhhav2020@gmail.com",
            "govcloud_id": "",
            "iam_user_access_to_billing": null,
            "id": "503561413665",
            "joined_method": "CREATED",
            "joined_timestamp": "2024-11-06T06:56:59Z",
            "name": "HRAccount",
            "parent_id": "ou-173m-namaej7x",
            "role_name": "OrganizationAccountAccessRole",
            "status": "ACTIVE",
            "tags": {},
            "tags_all": {}
          },
          "sensitive_attributes": [],
          "private": "bnVsbA==",
          "dependencies": [
            "aws_organizations_organizational_unit.hr_ou",
            "data.aws_organizations_organization.current"
          ]
        }
      ]
    },
    {
      "mode": "managed",
      "type": "aws_organizations_organizational_unit",
      "name": "finance_ou",
      "provider": "provider[\"registry.terraform.io/hashicorp/aws\"]",
      "instances": [
        {
          "schema_version": 0,
          "attributes": {
            "accounts": [
              {
                "arn": "arn:aws:organizations::160885279046:account/o-ew6qyfejgp/831926621737",
                "email": "finanzassistemas2@gmail.com",
                "id": "831926621737",
                "name": "FinanceAccount"
              }
            ],
            "arn": "arn:aws:organizations::160885279046:ou/o-ew6qyfejgp/ou-173m-ka2nun8c",
            "id": "ou-173m-ka2nun8c",
            "name": "Finance",
            "parent_id": "r-173m",
            "tags": {},
            "tags_all": {}
          },
          "sensitive_attributes": [],
          "private": "bnVsbA==",
          "dependencies": [
            "data.aws_organizations_organization.current"
          ]
        }
      ]
    },
    {
      "mode": "managed",
      "type": "aws_organizations_organizational_unit",
      "name": "hr_ou",
      "provider": "provider[\"registry.terraform.io/hashicorp/aws\"]",
      "instances": [
        {
          "schema_version": 0,
          "attributes": {
            "accounts": [
              {
                "arn": "arn:aws:organizations::160885279046:account/o-ew6qyfejgp/503561413665",
                "email": "rrhhav2020@gmail.com",
                "id": "503561413665",
                "name": "HRAccount"
              }
            ],
            "arn": "arn:aws:organizations::160885279046:ou/o-ew6qyfejgp/ou-173m-namaej7x",
            "id": "ou-173m-namaej7x",
            "name": "HR",
            "parent_id": "r-173m",
            "tags": {},
            "tags_all": {}
          },
          "sensitive_attributes": [],
          "private": "bnVsbA==",
          "dependencies": [
            "data.aws_organizations_organization.current"
          ]
        }
      ]
    }
  ],
  "check_results": null
}
